
Microsoft Visual Studio Solution File, Format Version 12.00
# Visual Studio 15
VisualStudioVersion = 15.0.27703.2047
MinimumVisualStudioVersion = 10.0.40219.1
Project("{FAE04EC0-301F-11D3-BF4B-00C04F79EFBC}") = "[MYS1]Proyecto_G1", "[MYS1]Proyecto_G1\[MYS1]Proyecto_G1.csproj", "{3B5FB133-8DAB-489B-9819-E2C621A47649}"
EndProject
Global
	GlobalSection(SolutionConfigurationPlatforms) = preSolution
		Debug|Any CPU = Debug|Any CPU
		Release|Any CPU = Release|Any CPU
	EndGlobalSection
	GlobalSection(ProjectConfigurationPlatforms) = postSolution
		{3B5FB133-8DAB-489B-9819-E2C621A47649}.Debug|Any CPU.ActiveCfg = Debug|Any CPU
		{3B5FB133-8DAB-489B-9819-E2C621A47649}.Debug|Any CPU.Build.0 = Debug|Any CPU
		{3B5FB133-8DAB-489B-9819-E2C621A47649}.Release|Any CPU.ActiveCfg = Release|Any CPU
		{3B5FB133-8DAB-489B-9819-E2C621A47649}.Release|Any CPU.Build.0 = Release|Any CPU
	EndGlobalSection
	GlobalSection(SolutionProperties) = preSolution
		HideSolutionNode = FALSE
	EndGlobalSection
	GlobalSection(ExtensibilityGlobals) = postSolution
		SolutionGuid = {8168AC78-48E7-4100-AC05-15447165468F}
	EndGlobalSection
EndGlobal
